Microsoft Visual Studio Solution File, Format Version 12.00
# Visual Studio Version 17
VisualStudioVersion = 17.5.2.0
MinimumVisualStudioVersion = 10.0.40219.1
Project("{2150E333-8FDC-42A3-9474-1A3956D46DE8}") = "dz2", "dz2", "{4B4753FB-F977-AB88-D58A-5D262D618A1D}"
EndProject
Project("{2150E333-8FDC-42A3-9474-1A3956D46DE8}") = "dz", "dz", "{60C785E8-ABC0-9BFC-5111-73828BA93FB7}"
EndProject
Project("{2150E333-8FDC-42A3-9474-1A3956D46DE8}") = "labs", "labs", "{908A2AE8-7277-8D33-5900-B70622523C2F}"
EndProject
Project("{FAE04EC0-301F-11D3-BF4B-00C04F79EFBC}") = "dz2", "dz2\dz2\dz2.csproj", "{1CCA3759-47E7-2987-381D-7AFCE5B33EA2}"
EndProject
Project("{2150E333-8FDC-42A3-9474-1A3956D46DE8}") = "dz1", "dz1", "{9917F7D3-2C80-05A0-0908-6C9035ADE4D8}"
EndProject
Project("{FAE04EC0-301F-11D3-BF4B-00C04F79EFBC}") = "dz1", "dz\dz1\dz1\dz1.csproj", "{11F37CA8-2CA7-710B-C90A-B95ED89455A2}"
EndProject
Project("{2150E333-8FDC-42A3-9474-1A3956D46DE8}") = "laba1", "laba1", "{1FCAE134-84E7-5072-4E17-2785673020D2}"
EndProject
Project("{FAE04EC0-301F-11D3-BF4B-00C04F79EFBC}") = "laba1", "labs\laba1\laba1\laba1.csproj", "{945AECD0-5600-6B4E-442F-2B37EA4D68C9}"
EndProject
Project("{2150E333-8FDC-42A3-9474-1A3956D46DE8}") = "laba2", "laba2", "{D307F403-0020-43E1-F081-8E16D5996F94}"
EndProject
Project("{FAE04EC0-301F-11D3-BF4B-00C04F79EFBC}") = "laba2", "labs\laba2\laba2\laba2.csproj", "{0CAA5C3D-A951-576D-9274-48DA7C5DC6FC}"
EndProject
Project("{2150E333-8FDC-42A3-9474-1A3956D46DE8}") = "laba3", "laba3", "{2F915295-79B3-C058-139F-2325B0647D15}"
EndProject
Project("{FAE04EC0-301F-11D3-BF4B-00C04F79EFBC}") = "laba3", "labs\laba3\laba3\laba3.csproj", "{67BEE5D6-C65D-3A99-19F9-F70A750A98B2}"
EndProject
Project("{2150E333-8FDC-42A3-9474-1A3956D46DE8}") = "laba4", "laba4", "{711D8E4F-E371-6497-91D4-A7C2BCCD8DFC}"
EndProject
Project("{FAE04EC0-301F-11D3-BF4B-00C04F79EFBC}") = "laba4", "labs\laba4\laba4\laba4.csproj", "{115F8009-C3A3-E6C4-1341-766086616D9A}"
EndProject
Project("{2150E333-8FDC-42A3-9474-1A3956D46DE8}") = "laba5", "laba5", "{CF47B220-CCC2-4D5F-C486-92B09276548D}"
EndProject
Project("{FAE04EC0-301F-11D3-BF4B-00C04F79EFBC}") = "laba5", "labs\laba5\laba5\laba5.csproj", "{11B29369-4BB0-908E-6412-4B156AE5A2C1}"
EndProject
Global
	GlobalSection(SolutionConfigurationPlatforms) = preSolution
		Debug|Any CPU = Debug|Any CPU
		Release|Any CPU = Release|Any CPU
	EndGlobalSection
	GlobalSection(ProjectConfigurationPlatforms) = postSolution
		{1CCA3759-47E7-2987-381D-7AFCE5B33EA2}.Debug|Any CPU.ActiveCfg = Debug|Any CPU
		{1CCA3759-47E7-2987-381D-7AFCE5B33EA2}.Debug|Any CPU.Build.0 = Debug|Any CPU
		{1CCA3759-47E7-2987-381D-7AFCE5B33EA2}.Release|Any CPU.ActiveCfg = Release|Any CPU
		{1CCA3759-47E7-2987-381D-7AFCE5B33EA2}.Release|Any CPU.Build.0 = Release|Any CPU
		{11F37CA8-2CA7-710B-C90A-B95ED89455A2}.Debug|Any CPU.ActiveCfg = Debug|Any CPU
		{11F37CA8-2CA7-710B-C90A-B95ED89455A2}.Debug|Any CPU.Build.0 = Debug|Any CPU
		{11F37CA8-2CA7-710B-C90A-B95ED89455A2}.Release|Any CPU.ActiveCfg = Release|Any CPU
		{11F37CA8-2CA7-710B-C90A-B95ED89455A2}.Release|Any CPU.Build.0 = Release|Any CPU
		{945AECD0-5600-6B4E-442F-2B37EA4D68C9}.Debug|Any CPU.ActiveCfg = Debug|Any CPU
		{945AECD0-5600-6B4E-442F-2B37EA4D68C9}.Debug|Any CPU.Build.0 = Debug|Any CPU
		{945AECD0-5600-6B4E-442F-2B37EA4D68C9}.Release|Any CPU.ActiveCfg = Release|Any CPU
		{945AECD0-5600-6B4E-442F-2B37EA4D68C9}.Release|Any CPU.Build.0 = Release|Any CPU
		{0CAA5C3D-A951-576D-9274-48DA7C5DC6FC}.Debug|Any CPU.ActiveCfg = Debug|Any CPU
		{0CAA5C3D-A951-576D-9274-48DA7C5DC6FC}.Debug|Any CPU.Build.0 = Debug|Any CPU
		{0CAA5C3D-A951-576D-9274-48DA7C5DC6FC}.Release|Any CPU.ActiveCfg = Release|Any CPU
		{0CAA5C3D-A951-576D-9274-48DA7C5DC6FC}.Release|Any CPU.Build.0 = Release|Any CPU
		{67BEE5D6-C65D-3A99-19F9-F70A750A98B2}.Debug|Any CPU.ActiveCfg = Debug|Any CPU
		{67BEE5D6-C65D-3A99-19F9-F70A750A98B2}.Debug|Any CPU.Build.0 = Debug|Any CPU
		{67BEE5D6-C65D-3A99-19F9-F70A750A98B2}.Release|Any CPU.ActiveCfg = Release|Any CPU
		{67BEE5D6-C65D-3A99-19F9-F70A750A98B2}.Release|Any CPU.Build.0 = Release|Any CPU
		{115F8009-C3A3-E6C4-1341-766086616D9A}.Debug|Any CPU.ActiveCfg = Debug|Any CPU
		{115F8009-C3A3-E6C4-1341-766086616D9A}.Debug|Any CPU.Build.0 = Debug|Any CPU
		{115F8009-C3A3-E6C4-1341-766086616D9A}.Release|Any CPU.ActiveCfg = Release|Any CPU
		{115F8009-C3A3-E6C4-1341-766086616D9A}.Release|Any CPU.Build.0 = Release|Any CPU
		{11B29369-4BB0-908E-6412-4B156AE5A2C1}.Debug|Any CPU.ActiveCfg = Debug|Any CPU
		{11B29369-4BB0-908E-6412-4B156AE5A2C1}.Debug|Any CPU.Build.0 = Debug|Any CPU
		{11B29369-4BB0-908E-6412-4B156AE5A2C1}.Release|Any CPU.ActiveCfg = Release|Any CPU
		{11B29369-4BB0-908E-6412-4B156AE5A2C1}.Release|Any CPU.Build.0 = Release|Any CPU
	EndGlobalSection
	GlobalSection(SolutionProperties) = preSolution
		HideSolutionNode = FALSE
	EndGlobalSection
	GlobalSection(NestedProjects) = preSolution
		{1CCA3759-47E7-2987-381D-7AFCE5B33EA2} = {4B4753FB-F977-AB88-D58A-5D262D618A1D}
		{9917F7D3-2C80-05A0-0908-6C9035ADE4D8} = {60C785E8-ABC0-9BFC-5111-73828BA93FB7}
		{11F37CA8-2CA7-710B-C90A-B95ED89455A2} = {9917F7D3-2C80-05A0-0908-6C9035ADE4D8}
		{1FCAE134-84E7-5072-4E17-2785673020D2} = {908A2AE8-7277-8D33-5900-B70622523C2F}
		{945AECD0-5600-6B4E-442F-2B37EA4D68C9} = {1FCAE134-84E7-5072-4E17-2785673020D2}
		{D307F403-0020-43E1-F081-8E16D5996F94} = {908A2AE8-7277-8D33-5900-B70622523C2F}
		{0CAA5C3D-A951-576D-9274-48DA7C5DC6FC} = {D307F403-0020-43E1-F081-8E16D5996F94}
		{2F915295-79B3-C058-139F-2325B0647D15} = {908A2AE8-7277-8D33-5900-B70622523C2F}
		{67BEE5D6-C65D-3A99-19F9-F70A750A98B2} = {2F915295-79B3-C058-139F-2325B0647D15}
		{711D8E4F-E371-6497-91D4-A7C2BCCD8DFC} = {908A2AE8-7277-8D33-5900-B70622523C2F}
		{115F8009-C3A3-E6C4-1341-766086616D9A} = {711D8E4F-E371-6497-91D4-A7C2BCCD8DFC}
		{CF47B220-CCC2-4D5F-C486-92B09276548D} = {908A2AE8-7277-8D33-5900-B70622523C2F}
		{11B29369-4BB0-908E-6412-4B156AE5A2C1} = {CF47B220-CCC2-4D5F-C486-92B09276548D}
	EndGlobalSection
	GlobalSection(ExtensibilityGlobals) = postSolution
		SolutionGuid = {23BBA38D-A134-4C95-BA1D-8EBA5A3EE646}
	EndGlobalSection
EndGlobal
